{
  "name": "1agents",
  "lockfileVersion": 3,
  "requires": true,
  "packages": {
    "": {
      "dependencies": {
        "@scottzx/1agents": "^20260526.2.0"
      }
    },
    "node_modules/@scottzx/1agents": {
      "version": "20260526.2.0",
      "resolved": "https://registry.npmmirror.com/@scottzx/1agents/-/1agents-20260526.2.0.tgz",
      "integrity": "sha512-2gSDc2qz87gv+Qo1jdWmA7Y5ginb6ZW0/g3vihacAuERimm0txYB0mzV3VH6Szt3sovB0gSnz9EHufJeJ2GHSg==",
      "hasInstallScript": true,
      "license": "MIT",
      "bin": {
        "1agents": "run.js"
      },
      "engines": {
        "node": ">=22"
      }
    }
  }
}
